
Microsoft Visual Studio Solution File, Format Version 10.00
# Visual Studio 2008
Project("{FAE04EC0-301F-11D3-BF4B-00C04F79EFBC}") = "CompactWebServer", "CompactWebServer\CompactWebServer.csproj", "{19703227-D1EE-4B0D-B914-2318DB7D2C27}"
EndProject
Project("{FAE04EC0-301F-11D3-BF4B-00C04F79EFBC}") = "PubSubApi", "PubSubApi\PubSubApi.csproj", "{367833F3-8F85-46A1-8B45-7253877234BA}"
EndProject
Project("{2150E333-8FDC-42A3-9474-1A3956D46DE8}") = "TestPubSub", "TestPubSub", "{656058DF-C9D6-4D8A-AE68-7B8F167D2205}"
EndProject
Project("{FAE04EC0-301F-11D3-BF4B-00C04F79EFBC}") = "BrokerCSharp", "BrokerCSharp\BrokerCSharp.csproj", "{89A13FED-6EE1-4AA4-A781-7C3897DDE15F}"
EndProject
Project("{FAE04EC0-301F-11D3-BF4B-00C04F79EFBC}") = "PublisherCSharp", "PublisherCSharp\PublisherCSharp.csproj", "{55145B69-8709-4392-AF4D-C5C79765F027}"
EndProject
Project("{FAE04EC0-301F-11D3-BF4B-00C04F79EFBC}") = "SubscriberCSharp", "SubscriberCSharp\SubscriberCSharp.csproj", "{4E465A4D-0A72-4C38-ACC6-B1E0B5DE0C3A}"
EndProject
Global
	GlobalSection(SolutionConfigurationPlatforms) = preSolution
		Debug|Any CPU = Debug|Any CPU
		Release|Any CPU = Release|Any CPU
	EndGlobalSection
	GlobalSection(ProjectConfigurationPlatforms) = postSolution
		{19703227-D1EE-4B0D-B914-2318DB7D2C27}.Debug|Any CPU.ActiveCfg = Debug|Any CPU
		{19703227-D1EE-4B0D-B914-2318DB7D2C27}.Debug|Any CPU.Build.0 = Debug|Any CPU
		{19703227-D1EE-4B0D-B914-2318DB7D2C27}.Release|Any CPU.ActiveCfg = Release|Any CPU
		{19703227-D1EE-4B0D-B914-2318DB7D2C27}.Release|Any CPU.Build.0 = Release|Any CPU
		{367833F3-8F85-46A1-8B45-7253877234BA}.Debug|Any CPU.ActiveCfg = Debug|Any CPU
		{367833F3-8F85-46A1-8B45-7253877234BA}.Debug|Any CPU.Build.0 = Debug|Any CPU
		{367833F3-8F85-46A1-8B45-7253877234BA}.Release|Any CPU.ActiveCfg = Release|Any CPU
		{367833F3-8F85-46A1-8B45-7253877234BA}.Release|Any CPU.Build.0 = Release|Any CPU
		{89A13FED-6EE1-4AA4-A781-7C3897DDE15F}.Debug|Any CPU.ActiveCfg = Debug|Any CPU
		{89A13FED-6EE1-4AA4-A781-7C3897DDE15F}.Debug|Any CPU.Build.0 = Debug|Any CPU
		{89A13FED-6EE1-4AA4-A781-7C3897DDE15F}.Debug|Any CPU.Deploy.0 = Debug|Any CPU
		{89A13FED-6EE1-4AA4-A781-7C3897DDE15F}.Release|Any CPU.ActiveCfg = Release|Any CPU
		{89A13FED-6EE1-4AA4-A781-7C3897DDE15F}.Release|Any CPU.Build.0 = Release|Any CPU
		{89A13FED-6EE1-4AA4-A781-7C3897DDE15F}.Release|Any CPU.Deploy.0 = Release|Any CPU
		{55145B69-8709-4392-AF4D-C5C79765F027}.Debug|Any CPU.ActiveCfg = Debug|Any CPU
		{55145B69-8709-4392-AF4D-C5C79765F027}.Debug|Any CPU.Build.0 = Debug|Any CPU
		{55145B69-8709-4392-AF4D-C5C79765F027}.Debug|Any CPU.Deploy.0 = Debug|Any CPU
		{55145B69-8709-4392-AF4D-C5C79765F027}.Release|Any CPU.ActiveCfg = Release|Any CPU
		{55145B69-8709-4392-AF4D-C5C79765F027}.Release|Any CPU.Build.0 = Release|Any CPU
		{55145B69-8709-4392-AF4D-C5C79765F027}.Release|Any CPU.Deploy.0 = Release|Any CPU
		{4E465A4D-0A72-4C38-ACC6-B1E0B5DE0C3A}.Debug|Any CPU.ActiveCfg = Debug|Any CPU
		{4E465A4D-0A72-4C38-ACC6-B1E0B5DE0C3A}.Debug|Any CPU.Build.0 = Debug|Any CPU
		{4E465A4D-0A72-4C38-ACC6-B1E0B5DE0C3A}.Debug|Any CPU.Deploy.0 = Debug|Any CPU
		{4E465A4D-0A72-4C38-ACC6-B1E0B5DE0C3A}.Release|Any CPU.ActiveCfg = Release|Any CPU
		{4E465A4D-0A72-4C38-ACC6-B1E0B5DE0C3A}.Release|Any CPU.Build.0 = Release|Any CPU
		{4E465A4D-0A72-4C38-ACC6-B1E0B5DE0C3A}.Release|Any CPU.Deploy.0 = Release|Any CPU
	EndGlobalSection
	GlobalSection(SolutionProperties) = preSolution
		HideSolutionNode = FALSE
	EndGlobalSection
	GlobalSection(NestedProjects) = preSolution
		{89A13FED-6EE1-4AA4-A781-7C3897DDE15F} = {656058DF-C9D6-4D8A-AE68-7B8F167D2205}
		{55145B69-8709-4392-AF4D-C5C79765F027} = {656058DF-C9D6-4D8A-AE68-7B8F167D2205}
		{4E465A4D-0A72-4C38-ACC6-B1E0B5DE0C3A} = {656058DF-C9D6-4D8A-AE68-7B8F167D2205}
	EndGlobalSection
EndGlobal
